
Microsoft Visual Studio Solution File, Format Version 12.00
# Visual Studio Version 16
VisualStudioVersion = 16.0.31515.178
MinimumVisualStudioVersion = 10.0.40219.1
Project("{FAE04EC0-301F-11D3-BF4B-00C04F79EFBC}") = "parcial", "parcial\parcial.csproj", "{EBF8C583-5FC4-4314-B2ED-0186A9D70C7D}"
EndProject
Global
	GlobalSection(SolutionConfigurationPlatforms) = preSolution
		Debug|Any CPU = Debug|Any CPU
		Release|Any CPU = Release|Any CPU
	EndGlobalSection
	GlobalSection(ProjectConfigurationPlatforms) = postSolution
		{EBF8C583-5FC4-4314-B2ED-0186A9D70C7D}.Debug|Any CPU.ActiveCfg = Debug|Any CPU
		{EBF8C583-5FC4-4314-B2ED-0186A9D70C7D}.Debug|Any CPU.Build.0 = Debug|Any CPU
		{EBF8C583-5FC4-4314-B2ED-0186A9D70C7D}.Release|Any CPU.ActiveCfg = Release|Any CPU
		{EBF8C583-5FC4-4314-B2ED-0186A9D70C7D}.Release|Any CPU.Build.0 = Release|Any CPU
	EndGlobalSection
	GlobalSection(SolutionProperties) = preSolution
		HideSolutionNode = FALSE
	EndGlobalSection
	GlobalSection(ExtensibilityGlobals) = postSolution
		SolutionGuid = {FE3E7E96-26D3-4C78-9102-C04086404077}
	EndGlobalSection
EndGlobal
